
Microsoft Visual Studio Solution File, Format Version 12.00
# Visual Studio 15
VisualStudioVersion = 15.0.27428.2037
MinimumVisualStudioVersion = 10.0.40219.1
Project("{FAE04EC0-301F-11D3-BF4B-00C04F79EFBC}") = "WebApplication2", "WebApplication2\WebApplication2.csproj", "{228F11F0-B8B6-478A-B739-827C91D6F9CE}"
EndProject
Global
	GlobalSection(SolutionConfigurationPlatforms) = preSolution
		Debug|Any CPU = Debug|Any CPU
		Release|Any CPU = Release|Any CPU
	EndGlobalSection
	GlobalSection(ProjectConfigurationPlatforms) = postSolution
		{228F11F0-B8B6-478A-B739-827C91D6F9CE}.Debug|Any CPU.ActiveCfg = Debug|Any CPU
		{228F11F0-B8B6-478A-B739-827C91D6F9CE}.Debug|Any CPU.Build.0 = Debug|Any CPU
		{228F11F0-B8B6-478A-B739-827C91D6F9CE}.Release|Any CPU.ActiveCfg = Release|Any CPU
		{228F11F0-B8B6-478A-B739-827C91D6F9CE}.Release|Any CPU.Build.0 = Release|Any CPU
	EndGlobalSection
	GlobalSection(SolutionProperties) = preSolution
		HideSolutionNode = FALSE
	EndGlobalSection
	GlobalSection(ExtensibilityGlobals) = postSolution
		SolutionGuid = {8ABDBEFE-0A74-41B0-AF0F-F409D6AB875E}
	EndGlobalSection
EndGlobal
